{
  "nodes": {
    "aquamarine": {
      "inputs": {
        "hyprutils": [
          "hyprland",
          "hyprutils"
        ],
        "hyprwayland-scanner": [
          "hyprland",
          "hyprwayland-scanner"
        ],
        "nixpkgs": [
          "hyprland",
          "nixpkgs"
        ],
        "systems": [
          "hyprland",
          "systems"
        ]
      },
      "locked": {
        "lastModified": 1742213273,
        "narHash": "sha256-0l0vDb4anfsBu1rOs94bC73Hub+xEivgBAo6QXl2MmU=",
        "owner": "hyprwm",
        "repo": "aquamarine",
        "rev": "484b732195cc53f4536ce4bd59a5c6402b1e7ccf",
        "type": "github"
      },
      "original": {
        "owner": "hyprwm",
        "repo": "aquamarine",
        "type": "github"
      }
    },
    "base16": {
      "inputs": {
        "fromYaml": "fromYaml"
      },
      "locked": {
        "lastModified": 1732200724,
        "narHash": "sha256-+R1BH5wHhfnycySb7Sy5KbYEaTJZWm1h+LW1OtyhiTs=",
        "owner": "SenchoPens",
        "repo": "base16.nix",
        "rev": "153d52373b0fb2d343592871009a286ec8837aec",
        "type": "github"
      },
      "original": {
        "owner": "SenchoPens",
        "repo": "base16.nix",
        "type": "github"
      }
    },
    "base16-fish": {
      "flake": false,
      "locked": {
        "lastModified": 1622559957,
        "narHash": "sha256-PebymhVYbL8trDVVXxCvZgc0S5VxI7I1Hv4RMSquTpA=",
        "owner": "tomyun",
        "repo": "base16-fish",
        "rev": "2f6dd973a9075dabccd26f1cded09508180bf5fe",
        "type": "github"
      },
      "original": {
        "owner": "tomyun",
        "repo": "base16-fish",
        "type": "github"
      }
    },
    "base16-helix": {
      "flake": false,
      "locked": {
        "lastModified": 1736852337,
        "narHash": "sha256-esD42YdgLlEh7koBrSqcT7p2fsMctPAcGl/+2sYJa2o=",
        "owner": "tinted-theming",
        "repo": "base16-helix",
        "rev": "03860521c40b0b9c04818f2218d9cc9efc21e7a5",
        "type": "github"
      },
      "original": {
        "owner": "tinted-theming",
        "repo": "base16-helix",
        "type": "github"
      }
    },
    "base16-vim": {
      "flake": false,
      "locked": {
        "lastModified": 1732806396,
        "narHash": "sha256-e0bpPySdJf0F68Ndanwm+KWHgQiZ0s7liLhvJSWDNsA=",
        "owner": "tinted-theming",
        "repo": "base16-vim",
        "rev": "577fe8125d74ff456cf942c733a85d769afe58b7",
        "type": "github"
      },
      "original": {
        "owner": "tinted-theming",
        "repo": "base16-vim",
        "rev": "577fe8125d74ff456cf942c733a85d769afe58b7",
        "type": "github"
      }
    },
    "devshell": {
      "inputs": {
        "nixpkgs": [
          "nixvim",
          "nixpkgs"
        ]
      },
      "locked": {
        "lastModified": 1741473158,
        "narHash": "sha256-kWNaq6wQUbUMlPgw8Y+9/9wP0F8SHkjy24/mN3UAppg=",
        "owner": "numtide",
        "repo": "devshell",
        "rev": "7c9e793ebe66bcba8292989a68c0419b737a22a0",
        "type": "github"
      },
      "original": {
        "owner": "numtide",
        "repo": "devshell",
        "type": "github"
      }
    },
    "fabric": {
      "inputs": {
        "nixpkgs": [
          "nixpkgs"
        ],
        "utils": "utils"
      },
      "locked": {
        "lastModified": 1742372747,
        "narHash": "sha256-B3BVqonXaTOWr+jPKqwG3Vw4PER6tPGnZb3WcmY00SQ=",
        "owner": "Fabric-Development",
        "repo": "fabric",
        "rev": "2e910066c3bbf0139d7f532cf17a0e0c9294f363",
        "type": "github"
      },
      "original": {
        "owner": "Fabric-Development",
        "repo": "fabric",
        "type": "github"
      }
    },
    "fabric-cli": {
      "inputs": {
        "nixpkgs": [
          "nixpkgs"
        ],
        "utils": "utils_2"
      },
      "locked": {
        "lastModified": 1741793503,
        "narHash": "sha256-cuudISceqv6jtzRBLElmW5z+dNSkYrhLXTATc07jFgs=",
        "owner": "HeyImKyu",
        "repo": "fabric-cli",
        "rev": "655b4aacb441d6e8cccad7c7654e147f1952bc40",
        "type": "github"
      },
      "original": {
        "owner": "HeyImKyu",
        "repo": "fabric-cli",
        "type": "github"
      }
    },
    "firefox-addons": {
      "inputs": {
        "flake-utils": "flake-utils",
        "nixpkgs": [
          "nixpkgs"
        ]
      },
      "locked": {
        "dir": "pkgs/firefox-addons",
        "lastModified": 1742417054,
        "narHash": "sha256-xZrOGER/WjdotrDqHGqz0GGtXKmMw0yzrop6TtZSB7w=",
        "owner": "rycee",
        "repo": "nur-expressions",
        "rev": "9c8d89103be887c38fac9951d4d8900a91fff5d6",
        "type": "gitlab"
      },
      "original": {
        "dir": "pkgs/firefox-addons",
        "owner": "rycee",
        "repo": "nur-expressions",
        "type": "gitlab"
      }
    },
    "firefox-gnome-theme": {
      "flake": false,
      "locked": {
        "lastModified": 1741628778,
        "narHash": "sha256-RsvHGNTmO2e/eVfgYK7g+eYEdwwh7SbZa+gZkT24MEA=",
        "owner": "rafaelmardojai",
        "repo": "firefox-gnome-theme",
        "rev": "5a81d390bb64afd4e81221749ec4bffcbeb5fa80",
        "type": "github"
      },
      "original": {
        "owner": "rafaelmardojai",
        "repo": "firefox-gnome-theme",
        "type": "github"
      }
    },
    "flake-compat": {
      "flake": false,
      "locked": {
        "lastModified": 1696426674,
        "narHash": "sha256-kvjfFW7WAETZlt09AgDn1MrtKzP7t90Vf7vypd3OL1U=",
        "owner": "edolstra",
        "repo": "flake-compat",
        "rev": "0f9255e01c2351cc7d116c072cb317785dd33b33",
        "type": "github"
      },
      "original": {
        "owner": "edolstra",
        "repo": "flake-compat",
        "type": "github"
      }
    },
    "flake-compat_2": {
      "locked": {
        "lastModified": 1733328505,
        "narHash": "sha256-NeCCThCEP3eCl2l/+27kNNK7QrwZB1IJCrXfrbv5oqU=",
        "rev": "ff81ac966bb2cae68946d5ed5fc4994f96d0ffec",
        "revCount": 69,
        "type": "tarball",
        "url": "https://api.flakehub.com/f/pinned/edolstra/flake-compat/1.1.0/01948eb7-9cba-704f-bbf3-3fa956735b52/source.tar.gz"
      },
      "original": {
        "type": "tarball",
        "url": "https://flakehub.com/f/edolstra/flake-compat/1.tar.gz"
      }
    },
    "flake-compat_3": {
      "flake": false,
      "locked": {
        "lastModified": 1733328505,
        "narHash": "sha256-NeCCThCEP3eCl2l/+27kNNK7QrwZB1IJCrXfrbv5oqU=",
        "owner": "edolstra",
        "repo": "flake-compat",
        "rev": "ff81ac966bb2cae68946d5ed5fc4994f96d0ffec",
        "type": "github"
      },
      "original": {
        "owner": "edolstra",
        "repo": "flake-compat",
        "type": "github"
      }
    },
    "flake-parts": {
      "inputs": {
        "nixpkgs-lib": [
          "nixvim",
          "nixpkgs"
        ]
      },
      "locked": {
        "lastModified": 1741352980,
        "narHash": "sha256-+u2UunDA4Cl5Fci3m7S643HzKmIDAe+fiXrLqYsR2fs=",
        "owner": "hercules-ci",
        "repo": "flake-parts",
        "rev": "f4330d22f1c5d2ba72d3d22df5597d123fdb60a9",
        "type": "github"
      },
      "original": {
        "owner": "hercules-ci",
        "repo": "flake-parts",
        "type": "github"
      }
    },
    "flake-utils": {
      "locked": {
        "lastModified": 1629284811,
        "narHash": "sha256-JHgasjPR0/J1J3DRm4KxM4zTyAj4IOJY8vIl75v/kPI=",
        "owner": "numtide",
        "repo": "flake-utils",
        "rev": "c5d161cc0af116a2e17f54316f0bf43f0819785c",
        "type": "github"
      },
      "original": {
        "owner": "numtide",
        "repo": "flake-utils",
        "type": "github"
      }
    },
    "flake-utils_2": {
      "inputs": {
        "systems": "systems_4"
      },
      "locked": {
        "lastModified": 1731533236,
        "narHash": "sha256-l0KFg5HjrsfsO/JpG+r7fRrqm12kzFHyUHqHCVpMMbI=",
        "owner": "numtide",
        "repo": "flake-utils",
        "rev": "11707dc2f618dd54ca8739b309ec4fc024de578b",
        "type": "github"
      },
      "original": {
        "owner": "numtide",
        "repo": "flake-utils",
        "type": "github"
      }
    },
    "flake-utils_3": {
      "inputs": {
        "systems": [
          "stylix",
          "systems"
        ]
      },
      "locked": {
        "lastModified": 1731533236,
        "narHash": "sha256-l0KFg5HjrsfsO/JpG+r7fRrqm12kzFHyUHqHCVpMMbI=",
        "owner": "numtide",
        "repo": "flake-utils",
        "rev": "11707dc2f618dd54ca8739b309ec4fc024de578b",
        "type": "github"
      },
      "original": {
        "owner": "numtide",
        "repo": "flake-utils",
        "type": "github"
      }
    },
    "fromYaml": {
      "flake": false,
      "locked": {
        "lastModified": 1731966426,
        "narHash": "sha256-lq95WydhbUTWig/JpqiB7oViTcHFP8Lv41IGtayokA8=",
        "owner": "SenchoPens",
        "repo": "fromYaml",
        "rev": "106af9e2f715e2d828df706c386a685698f3223b",
        "type": "github"
      },
      "original": {
        "owner": "SenchoPens",
        "repo": "fromYaml",
        "type": "github"
      }
    },
    "git-hooks": {
      "inputs": {
        "flake-compat": [
          "nixvim",
          "flake-compat"
        ],
        "gitignore": "gitignore_2",
        "nixpkgs": [
          "nixvim",
          "nixpkgs"
        ]
      },
      "locked": {
        "lastModified": 1741379162,
        "narHash": "sha256-srpAbmJapkaqGRE3ytf3bj4XshspVR5964OX5LfjDWc=",
        "owner": "cachix",
        "repo": "git-hooks.nix",
        "rev": "b5a62751225b2f62ff3147d0a334055ebadcd5cc",
        "type": "github"
      },
      "original": {
        "owner": "cachix",
        "repo": "git-hooks.nix",
        "type": "github"
      }
    },
    "git-hooks_2": {
      "inputs": {
        "flake-compat": [
          "stylix",
          "flake-compat"
        ],
        "gitignore": "gitignore_3",
        "nixpkgs": [
          "stylix",
          "nixpkgs"
        ]
      },
      "locked": {
        "lastModified": 1741379162,
        "narHash": "sha256-srpAbmJapkaqGRE3ytf3bj4XshspVR5964OX5LfjDWc=",
        "owner": "cachix",
        "repo": "git-hooks.nix",
        "rev": "b5a62751225b2f62ff3147d0a334055ebadcd5cc",
        "type": "github"
      },
      "original": {
        "owner": "cachix",
        "repo": "git-hooks.nix",
        "type": "github"
      }
    },
    "gitignore": {
      "inputs": {
        "nixpkgs": [
          "hyprland",
          "pre-commit-hooks",
          "nixpkgs"
        ]
      },
      "locked": {
        "lastModified": 1709087332,
        "narHash": "sha256-HG2cCnktfHsKV0s4XW83gU3F57gaTljL9KNSuG6bnQs=",
        "owner": "hercules-ci",
        "repo": "gitignore.nix",
        "rev": "637db329424fd7e46cf4185293b9cc8c88c95394",
        "type": "github"
      },
      "original": {
        "owner": "hercules-ci",
        "repo": "gitignore.nix",
        "type": "github"
      }
    },
    "gitignore_2": {
      "inputs": {
        "nixpkgs": [
          "nixvim",
          "git-hooks",
          "nixpkgs"
        ]
      },
      "locked": {
        "lastModified": 1709087332,
        "narHash": "sha256-HG2cCnktfHsKV0s4XW83gU3F57gaTljL9KNSuG6bnQs=",
        "owner": "hercules-ci",
        "repo": "gitignore.nix",
        "rev": "637db329424fd7e46cf4185293b9cc8c88c95394",
        "type": "github"
      },
      "original": {
        "owner": "hercules-ci",
        "repo": "gitignore.nix",
        "type": "github"
      }
    },
    "gitignore_3": {
      "inputs": {
        "nixpkgs": [
          "stylix",
          "git-hooks",
          "nixpkgs"
        ]
      },
      "locked": {
        "lastModified": 1709087332,
        "narHash": "sha256-HG2cCnktfHsKV0s4XW83gU3F57gaTljL9KNSuG6bnQs=",
        "owner": "hercules-ci",
        "repo": "gitignore.nix",
        "rev": "637db329424fd7e46cf4185293b9cc8c88c95394",
        "type": "github"
      },
      "original": {
        "owner": "hercules-ci",
        "repo": "gitignore.nix",
        "type": "github"
      }
    },
    "gnome-shell": {
      "flake": false,
      "locked": {
        "lastModified": 1732369855,
        "narHash": "sha256-JhUWbcYPjHO3Xs3x9/Z9RuqXbcp5yhPluGjwsdE2GMg=",
        "owner": "GNOME",
        "repo": "gnome-shell",
        "rev": "dadd58f630eeea41d645ee225a63f719390829dc",
        "type": "github"
      },
      "original": {
        "owner": "GNOME",
        "ref": "47.2",
        "repo": "gnome-shell",
        "type": "github"
      }
    },
    "home-manager": {
      "inputs": {
        "nixpkgs": [
          "nixpkgs"
        ]
      },
      "locked": {
        "lastModified": 1742234739,
        "narHash": "sha256-zFL6zsf/5OztR1NSNQF33dvS1fL/BzVUjabZq4qrtY4=",
        "owner": "nix-community",
        "repo": "home-manager",
        "rev": "f6af7280a3390e65c2ad8fd059cdc303426cbd59",
        "type": "github"
      },
      "original": {
        "owner": "nix-community",
        "ref": "release-24.11",
        "repo": "home-manager",
        "type": "github"
      }
    },
    "home-manager_2": {
      "inputs": {
        "nixpkgs": [
          "nixvim",
          "nixpkgs"
        ]
      },
      "locked": {
        "lastModified": 1739757849,
        "narHash": "sha256-Gs076ot1YuAAsYVcyidLKUMIc4ooOaRGO0PqTY7sBzA=",
        "owner": "nix-community",
        "repo": "home-manager",
        "rev": "9d3d080aec2a35e05a15cedd281c2384767c2cfe",
        "type": "github"
      },
      "original": {
        "owner": "nix-community",
        "ref": "release-24.11",
        "repo": "home-manager",
        "type": "github"
      }
    },
    "home-manager_3": {
      "inputs": {
        "nixpkgs": [
          "stylix",
          "nixpkgs"
        ]
      },
      "locked": {
        "lastModified": 1739757849,
        "narHash": "sha256-Gs076ot1YuAAsYVcyidLKUMIc4ooOaRGO0PqTY7sBzA=",
        "owner": "nix-community",
        "repo": "home-manager",
        "rev": "9d3d080aec2a35e05a15cedd281c2384767c2cfe",
        "type": "github"
      },
      "original": {
        "owner": "nix-community",
        "ref": "release-24.11",
        "repo": "home-manager",
        "type": "github"
      }
    },
    "hyprcursor": {
      "inputs": {
        "hyprlang": [
          "hyprland",
          "hyprlang"
        ],
        "nixpkgs": [
          "hyprland",
          "nixpkgs"
        ],
        "systems": [
          "hyprland",
          "systems"
        ]
      },
      "locked": {
        "lastModified": 1742215578,
        "narHash": "sha256-zfs71PXVVPEe56WEyNi2TJQPs0wabU4WAlq0XV7GcdE=",
        "owner": "hyprwm",
        "repo": "hyprcursor",
        "rev": "2fd36421c21aa87e2fe3bee11067540ae612f719",
        "type": "github"
      },
      "original": {
        "owner": "hyprwm",
        "repo": "hyprcursor",
        "type": "github"
      }
    },
    "hyprgraphics": {
      "inputs": {
        "hyprutils": [
          "hyprland",
          "hyprutils"
        ],
        "nixpkgs": [
          "hyprland",
          "nixpkgs"
        ],
        "systems": [
          "hyprland",
          "systems"
        ]
      },
      "locked": {
        "lastModified": 1739049071,
        "narHash": "sha256-3+7TpXMrbsUXSwgr5VAKAnmkzMb6JO+Rvc9XRb5NMg4=",
        "owner": "hyprwm",
        "repo": "hyprgraphics",
        "rev": "175c6b29b6ff82100539e7c4363a35a02c74dd73",
        "type": "github"
      },
      "original": {
        "owner": "hyprwm",
        "repo": "hyprgraphics",
        "type": "github"
      }
    },
    "hyprland": {
      "inputs": {
        "aquamarine": "aquamarine",
        "hyprcursor": "hyprcursor",
        "hyprgraphics": "hyprgraphics",
        "hyprland-protocols": "hyprland-protocols",
        "hyprland-qtutils": "hyprland-qtutils",
        "hyprlang": "hyprlang",
        "hyprutils": "hyprutils",
        "hyprwayland-scanner": "hyprwayland-scanner",
        "nixpkgs": "nixpkgs",
        "pre-commit-hooks": "pre-commit-hooks",
        "systems": "systems_3",
        "xdph": "xdph"
      },
      "locked": {
        "lastModified": 1742422176,
        "narHash": "sha256-zzRrkGQiVEPGNiU4pYTARzqFwVf3JxXxbz6UcEJkWIc=",
        "owner": "hyprwm",
        "repo": "Hyprland",
        "rev": "155eba57d81fa2553f1eda8788bd9d1a16947a43",
        "type": "github"
      },
      "original": {
        "owner": "hyprwm",
        "repo": "Hyprland",
        "type": "github"
      }
    },
    "hyprland-plugins": {
      "inputs": {
        "hyprland": [
          "hyprland"
        ],
        "nixpkgs": [
          "hyprland-plugins",
          "hyprland",
          "nixpkgs"
        ],
        "systems": [
          "hyprland-plugins",
          "hyprland",
          "systems"
        ]
      },
      "locked": {
        "lastModified": 1742314758,
        "narHash": "sha256-18VcHcqkRBsJjBU6173BK+YVytXrS8kzKXY08auQq8Y=",
        "owner": "hyprwm",
        "repo": "hyprland-plugins",
        "rev": "4e85fb4fbfc0ffa4b29c61ecd19cfde93ecebaed",
        "type": "github"
      },
      "original": {
        "owner": "hyprwm",
        "repo": "hyprland-plugins",
        "type": "github"
      }
    },
    "hyprland-protocols": {
      "inputs": {
        "nixpkgs": [
          "hyprland",
          "nixpkgs"
        ],
        "systems": [
          "hyprland",
          "systems"
        ]
      },
      "locked": {
        "lastModified": 1738422629,
        "narHash": "sha256-5v+bv75wJWvahyM2xcMTSNNxmV8a7hb01Eey5zYnBJw=",
        "owner": "hyprwm",
        "repo": "hyprland-protocols",
        "rev": "755aef8dab49d0fc4663c715fa4ad221b2aedaed",
        "type": "github"
      },
      "original": {
        "owner": "hyprwm",
        "repo": "hyprland-protocols",
        "type": "github"
      }
    },
    "hyprland-qt-support": {
      "inputs": {
        "hyprlang": [
          "hyprland",
          "hyprland-qtutils",
          "hyprlang"
        ],
        "nixpkgs": [
          "hyprland",
          "hyprland-qtutils",
          "nixpkgs"
        ],
        "systems": [
          "hyprland",
          "hyprland-qtutils",
          "systems"
        ]
      },
      "locked": {
        "lastModified": 1737634706,
        "narHash": "sha256-nGCibkfsXz7ARx5R+SnisRtMq21IQIhazp6viBU8I/A=",
        "owner": "hyprwm",
        "repo": "hyprland-qt-support",
        "rev": "8810df502cdee755993cb803eba7b23f189db795",
        "type": "github"
      },
      "original": {
        "owner": "hyprwm",
        "repo": "hyprland-qt-support",
        "type": "github"
      }
    },
    "hyprland-qtutils": {
      "inputs": {
        "hyprland-qt-support": "hyprland-qt-support",
        "hyprlang": [
          "hyprland",
          "hyprlang"
        ],
        "hyprutils": [
          "hyprland",
          "hyprland-qtutils",
          "hyprlang",
          "hyprutils"
        ],
        "nixpkgs": [
          "hyprland",
          "nixpkgs"
        ],
        "systems": [
          "hyprland",
          "systems"
        ]
      },
      "locked": {
        "lastModified": 1739048983,
        "narHash": "sha256-REhTcXq4qs3B3cCDtLlYDz0GZvmsBSh947Ub6pQWGTQ=",
        "owner": "hyprwm",
        "repo": "hyprland-qtutils",
        "rev": "3504a293c8f8db4127cb0f7cfc1a318ffb4316f8",
        "type": "github"
      },
      "original": {
        "owner": "hyprwm",
        "repo": "hyprland-qtutils",
        "type": "github"
      }
    },
    "hyprlang": {
      "inputs": {
        "hyprutils": [
          "hyprland",
          "hyprutils"
        ],
        "nixpkgs": [
          "hyprland",
          "nixpkgs"
        ],
        "systems": [
          "hyprland",
          "systems"
        ]
      },
      "locked": {
        "lastModified": 1741191527,
        "narHash": "sha256-kM+11Nch47Xwfgtw2EpRitJuORy4miwoMuRi5tyMBDY=",
        "owner": "hyprwm",
        "repo": "hyprlang",
        "rev": "72df3861f1197e41b078faa3e38eedd60e00018d",
        "type": "github"
      },
      "original": {
        "owner": "hyprwm",
        "repo": "hyprlang",
        "type": "github"
      }
    },
    "hyprutils": {
      "inputs": {
        "nixpkgs": [
          "hyprland",
          "nixpkgs"
        ],
        "systems": [
          "hyprland",
          "systems"
        ]
      },
      "locked": {
        "lastModified": 1741534688,
        "narHash": "sha256-EV3945SnjOCuRVbGRghsWx/9D89FyshnSO1Q6/TuQ14=",
        "owner": "hyprwm",
        "repo": "hyprutils",
        "rev": "dd1f720cbc2dbb3c71167c9598045dd3261d27b3",
        "type": "github"
      },
      "original": {
        "owner": "hyprwm",
        "repo": "hyprutils",
        "type": "github"
      }
    },
    "hyprwayland-scanner": {
      "inputs": {
        "nixpkgs": [
          "hyprland",
          "nixpkgs"
        ],
        "systems": [
          "hyprland",
          "systems"
        ]
      },
      "locked": {
        "lastModified": 1739870480,
        "narHash": "sha256-SiDN5BGxa/1hAsqhgJsS03C3t2QrLgBT8u+ENJ0Qzwc=",
        "owner": "hyprwm",
        "repo": "hyprwayland-scanner",
        "rev": "206367a08dc5ac4ba7ad31bdca391d098082e64b",
        "type": "github"
      },
      "original": {
        "owner": "hyprwm",
        "repo": "hyprwayland-scanner",
        "type": "github"
      }
    },
    "ignis": {
      "inputs": {
        "nixpkgs": "nixpkgs_2"
      },
      "locked": {
        "lastModified": 1742310663,
        "narHash": "sha256-bAhkbROSpfu5/817I+8VcYKGEui7xj91KFIy4EmfLoU=",
        "owner": "linkfrg",
        "repo": "ignis",
        "rev": "8acc5d91d82d7606a4b40ea897b35d77e7f5b353",
        "type": "github"
      },
      "original": {
        "owner": "linkfrg",
        "repo": "ignis",
        "type": "github"
      }
    },
    "ixx": {
      "inputs": {
        "flake-utils": [
          "nixvim",
          "nuschtosSearch",
          "flake-utils"
        ],
        "nixpkgs": [
          "nixvim",
          "nuschtosSearch",
          "nixpkgs"
        ]
      },
      "locked": {
        "lastModified": 1729958008,
        "narHash": "sha256-EiOq8jF4Z/zQe0QYVc3+qSKxRK//CFHMB84aYrYGwEs=",
        "owner": "NuschtOS",
        "repo": "ixx",
        "rev": "9fd01aad037f345350eab2cd45e1946cc66da4eb",
        "type": "github"
      },
      "original": {
        "owner": "NuschtOS",
        "ref": "v0.0.6",
        "repo": "ixx",
        "type": "github"
      }
    },
    "nix-darwin": {
      "inputs": {
        "nixpkgs": [
          "nixvim",
          "nixpkgs"
        ]
      },
      "locked": {
        "lastModified": 1741126078,
        "narHash": "sha256-ng0a4cIq3c9E3iGKomlwqKzVYs2RLOzQho2U1Mc2sqU=",
        "owner": "lnl7",
        "repo": "nix-darwin",
        "rev": "c172f50b55b087f8e7801631de977461603bb976",
        "type": "github"
      },
      "original": {
        "owner": "lnl7",
        "ref": "nix-darwin-24.11",
        "repo": "nix-darwin",
        "type": "github"
      }
    },
    "nixos-hardware": {
      "locked": {
        "lastModified": 1742376361,
        "narHash": "sha256-VFMgJkp/COvkt5dnkZB4D2szVdmF6DGm5ZdVvTUy61c=",
        "owner": "NixOS",
        "repo": "nixos-hardware",
        "rev": "daaae13dff0ecc692509a1332ff9003d9952d7a9",
        "type": "github"
      },
      "original": {
        "owner": "NixOS",
        "ref": "master",
        "repo": "nixos-hardware",
        "type": "github"
      }
    },
    "nixpkgs": {
      "locked": {
        "lastModified": 1742069588,
        "narHash": "sha256-C7jVfohcGzdZRF6DO+ybyG/sqpo1h6bZi9T56sxLy+k=",
        "owner": "NixOS",
        "repo": "nixpkgs",
        "rev": "c80f6a7e10b39afcc1894e02ef785b1ad0b0d7e5",
        "type": "github"
      },
      "original": {
        "owner": "NixOS",
        "ref": "nixos-unstable",
        "repo": "nixpkgs",
        "type": "github"
      }
    },
    "nixpkgs_2": {
      "locked": {
        "lastModified": 1740695751,
        "narHash": "sha256-D+R+kFxy1KsheiIzkkx/6L63wEHBYX21OIwlFV8JvDs=",
        "owner": "NixOS",
        "repo": "nixpkgs",
        "rev": "6313551cd05425cd5b3e63fe47dbc324eabb15e4",
        "type": "github"
      },
      "original": {
        "owner": "NixOS",
        "ref": "nixos-unstable",
        "repo": "nixpkgs",
        "type": "github"
      }
    },
    "nixpkgs_3": {
      "locked": {
        "lastModified": 1742268799,
        "narHash": "sha256-IhnK4LhkBlf14/F8THvUy3xi/TxSQkp9hikfDZRD4Ic=",
        "owner": "NixOS",
        "repo": "nixpkgs",
        "rev": "da044451c6a70518db5b730fe277b70f494188f1",
        "type": "github"
      },
      "original": {
        "owner": "NixOS",
        "ref": "nixos-24.11",
        "repo": "nixpkgs",
        "type": "github"
      }
    },
    "nixpkgs_4": {
      "locked": {
        "lastModified": 1728492678,
        "narHash": "sha256-9UTxR8eukdg+XZeHgxW5hQA9fIKHsKCdOIUycTryeVw=",
        "owner": "nixos",
        "repo": "nixpkgs",
        "rev": "5633bcff0c6162b9e4b5f1264264611e950c8ec7",
        "type": "github"
      },
      "original": {
        "owner": "nixos",
        "ref": "nixos-unstable",
        "repo": "nixpkgs",
        "type": "github"
      }
    },
    "nixpkgs_5": {
      "locked": {
        "lastModified": 1727348695,
        "narHash": "sha256-J+PeFKSDV+pHL7ukkfpVzCOO7mBSrrpJ3svwBFABbhI=",
        "owner": "nixos",
        "repo": "nixpkgs",
        "rev": "1925c603f17fc89f4c8f6bf6f631a802ad85d784",
        "type": "github"
      },
      "original": {
        "owner": "nixos",
        "ref": "nixos-unstable",
        "repo": "nixpkgs",
        "type": "github"
      }
    },
    "nixvim": {
      "inputs": {
        "devshell": "devshell",
        "flake-compat": "flake-compat_2",
        "flake-parts": "flake-parts",
        "git-hooks": "git-hooks",
        "home-manager": "home-manager_2",
        "nix-darwin": "nix-darwin",
        "nixpkgs": [
          "nixpkgs"
        ],
        "nuschtosSearch": "nuschtosSearch",
        "treefmt-nix": "treefmt-nix"
      },
      "locked": {
        "lastModified": 1742045620,
        "narHash": "sha256-zXkJRY/87TPX1vxlrF4941/GRHD3L+CFfe0/95dWT9o=",
        "owner": "nix-community",
        "repo": "nixvim",
        "rev": "b73beb7bb8c5ec5e559bb5222af9994e7ee4bdbd",
        "type": "github"
      },
      "original": {
        "owner": "nix-community",
        "ref": "nixos-24.11",
        "repo": "nixvim",
        "type": "github"
      }
    },
    "nur": {
      "locked": {
        "lastModified": 1729125404,
        "narHash": "sha256-2ZtXYNBPi9Ejeb2Heqh+yFTBcstapvtna8Vyl/ugb7w=",
        "owner": "nix-community",
        "repo": "NUR",
        "rev": "7aafd5f0d772efbd2e611c132cc290c3508fe049",
        "type": "github"
      },
      "original": {
        "owner": "nix-community",
        "repo": "NUR",
        "type": "github"
      }
    },
    "nuschtosSearch": {
      "inputs": {
        "flake-utils": "flake-utils_2",
        "ixx": "ixx",
        "nixpkgs": [
          "nixvim",
          "nixpkgs"
        ]
      },
      "locked": {
        "lastModified": 1741886583,
        "narHash": "sha256-sScfYKtxp3CYv5fJcHQDvQjqBL+tPNQqS9yf9Putd+s=",
        "owner": "NuschtOS",
        "repo": "search",
        "rev": "2974bc5fa3441a319fba943f3ca41f7dcd1a1467",
        "type": "github"
      },
      "original": {
        "owner": "NuschtOS",
        "repo": "search",
        "type": "github"
      }
    },
    "pre-commit-hooks": {
      "inputs": {
        "flake-compat": "flake-compat",
        "gitignore": "gitignore",
        "nixpkgs": [
          "hyprland",
          "nixpkgs"
        ]
      },
      "locked": {
        "lastModified": 1742058297,
        "narHash": "sha256-b4SZc6TkKw8WQQssbN5O2DaCEzmFfvSTPYHlx/SFW9Y=",
        "owner": "cachix",
        "repo": "git-hooks.nix",
        "rev": "59f17850021620cd348ad2e9c0c64f4e6325ce2a",
        "type": "github"
      },
      "original": {
        "owner": "cachix",
        "repo": "git-hooks.nix",
        "type": "github"
      }
    },
    "root": {
      "inputs": {
        "fabric": "fabric",
        "fabric-cli": "fabric-cli",
        "firefox-addons": "firefox-addons",
        "home-manager": "home-manager",
        "hyprland": "hyprland",
        "hyprland-plugins": "hyprland-plugins",
        "ignis": "ignis",
        "nixos-hardware": "nixos-hardware",
        "nixpkgs": "nixpkgs_3",
        "nixvim": "nixvim",
        "stylix": "stylix",
        "textfox": "textfox",
        "wallpapers": "wallpapers",
        "zen-browser": "zen-browser"
      }
    },
    "stylix": {
      "inputs": {
        "base16": "base16",
        "base16-fish": "base16-fish",
        "base16-helix": "base16-helix",
        "base16-vim": "base16-vim",
        "firefox-gnome-theme": "firefox-gnome-theme",
        "flake-compat": "flake-compat_3",
        "flake-utils": "flake-utils_3",
        "git-hooks": "git-hooks_2",
        "gnome-shell": "gnome-shell",
        "home-manager": "home-manager_3",
        "nixpkgs": [
          "nixpkgs"
        ],
        "systems": "systems_5",
        "tinted-foot": "tinted-foot",
        "tinted-kitty": "tinted-kitty",
        "tinted-tmux": "tinted-tmux"
      },
      "locked": {
        "lastModified": 1741961698,
        "narHash": "sha256-utsgC6H3ja6sLAXMd8//I2D7yjyScFqVDRX0wpbqPZo=",
        "owner": "danth",
        "repo": "stylix",
        "rev": "9bfc74f330ead111e8ea354b2220a431b0cfaa26",
        "type": "github"
      },
      "original": {
        "owner": "danth",
        "ref": "release-24.11",
        "repo": "stylix",
        "type": "github"
      }
    },
    "systems": {
      "locked": {
        "lastModified": 1681028828,
        "narHash": "sha256-Vy1rq5AaRuLzOxct8nz4T6wlgyUR7zLU309k9mBC768=",
        "owner": "nix-systems",
        "repo": "default",
        "rev": "da67096a3b9bf56a91d16901293e51ba5b49a27e",
        "type": "github"
      },
      "original": {
        "owner": "nix-systems",
        "repo": "default",
        "type": "github"
      }
    },
    "systems_2": {
      "locked": {
        "lastModified": 1681028828,
        "narHash": "sha256-Vy1rq5AaRuLzOxct8nz4T6wlgyUR7zLU309k9mBC768=",
        "owner": "nix-systems",
        "repo": "default",
        "rev": "da67096a3b9bf56a91d16901293e51ba5b49a27e",
        "type": "github"
      },
      "original": {
        "owner": "nix-systems",
        "repo": "default",
        "type": "github"
      }
    },
    "systems_3": {
      "locked": {
        "lastModified": 1689347949,
        "narHash": "sha256-12tWmuL2zgBgZkdoB6qXZsgJEH9LR3oUgpaQq2RbI80=",
        "owner": "nix-systems",
        "repo": "default-linux",
        "rev": "31732fcf5e8fea42e59c2488ad31a0e651500f68",
        "type": "github"
      },
      "original": {
        "owner": "nix-systems",
        "repo": "default-linux",
        "type": "github"
      }
    },
    "systems_4": {
      "locked": {
        "lastModified": 1681028828,
        "narHash": "sha256-Vy1rq5AaRuLzOxct8nz4T6wlgyUR7zLU309k9mBC768=",
        "owner": "nix-systems",
        "repo": "default",
        "rev": "da67096a3b9bf56a91d16901293e51ba5b49a27e",
        "type": "github"
      },
      "original": {
        "owner": "nix-systems",
        "repo": "default",
        "type": "github"
      }
    },
    "systems_5": {
      "locked": {
        "lastModified": 1681028828,
        "narHash": "sha256-Vy1rq5AaRuLzOxct8nz4T6wlgyUR7zLU309k9mBC768=",
        "owner": "nix-systems",
        "repo": "default",
        "rev": "da67096a3b9bf56a91d16901293e51ba5b49a27e",
        "type": "github"
      },
      "original": {
        "owner": "nix-systems",
        "repo": "default",
        "type": "github"
      }
    },
    "textfox": {
      "inputs": {
        "nixpkgs": "nixpkgs_4",
        "nur": "nur"
      },
      "locked": {
        "lastModified": 1741716751,
        "narHash": "sha256-NYZc6U1vZkmOw3zPtjzWOLCdr0NNJKj+LKdscnTk5FE=",
        "owner": "adriankarlen",
        "repo": "textfox",
        "rev": "c49cd645f9b106755ae6ce7163334549e64fa748",
        "type": "github"
      },
      "original": {
        "owner": "adriankarlen",
        "repo": "textfox",
        "type": "github"
      }
    },
    "tinted-foot": {
      "flake": false,
      "locked": {
        "lastModified": 1726913040,
        "narHash": "sha256-+eDZPkw7efMNUf3/Pv0EmsidqdwNJ1TaOum6k7lngDQ=",
        "owner": "tinted-theming",
        "repo": "tinted-foot",
        "rev": "fd1b924b6c45c3e4465e8a849e67ea82933fcbe4",
        "type": "github"
      },
      "original": {
        "owner": "tinted-theming",
        "repo": "tinted-foot",
        "rev": "fd1b924b6c45c3e4465e8a849e67ea82933fcbe4",
        "type": "github"
      }
    },
    "tinted-kitty": {
      "flake": false,
      "locked": {
        "lastModified": 1716423189,
        "narHash": "sha256-2xF3sH7UIwegn+2gKzMpFi3pk5DlIlM18+vj17Uf82U=",
        "owner": "tinted-theming",
        "repo": "tinted-kitty",
        "rev": "eb39e141db14baef052893285df9f266df041ff8",
        "type": "github"
      },
      "original": {
        "owner": "tinted-theming",
        "repo": "tinted-kitty",
        "rev": "eb39e141db14baef052893285df9f266df041ff8",
        "type": "github"
      }
    },
    "tinted-tmux": {
      "flake": false,
      "locked": {
        "lastModified": 1740877430,
        "narHash": "sha256-zWcCXgdC4/owfH/eEXx26y5BLzTrefjtSLFHWVD5KxU=",
        "owner": "tinted-theming",
        "repo": "tinted-tmux",
        "rev": "d48ee86394cbe45b112ba23ab63e33656090edb4",
        "type": "github"
      },
      "original": {
        "owner": "tinted-theming",
        "repo": "tinted-tmux",
        "type": "github"
      }
    },
    "treefmt-nix": {
      "inputs": {
        "nixpkgs": [
          "nixvim",
          "nixpkgs"
        ]
      },
      "locked": {
        "lastModified": 1739829690,
        "narHash": "sha256-mL1szCeIsjh6Khn3nH2cYtwO5YXG6gBiTw1A30iGeDU=",
        "owner": "numtide",
        "repo": "treefmt-nix",
        "rev": "3d0579f5cc93436052d94b73925b48973a104204",
        "type": "github"
      },
      "original": {
        "owner": "numtide",
        "repo": "treefmt-nix",
        "type": "github"
      }
    },
    "utils": {
      "inputs": {
        "systems": "systems"
      },
      "locked": {
        "lastModified": 1731533236,
        "narHash": "sha256-l0KFg5HjrsfsO/JpG+r7fRrqm12kzFHyUHqHCVpMMbI=",
        "owner": "numtide",
        "repo": "flake-utils",
        "rev": "11707dc2f618dd54ca8739b309ec4fc024de578b",
        "type": "github"
      },
      "original": {
        "owner": "numtide",
        "repo": "flake-utils",
        "type": "github"
      }
    },
    "utils_2": {
      "inputs": {
        "systems": "systems_2"
      },
      "locked": {
        "lastModified": 1731533236,
        "narHash": "sha256-l0KFg5HjrsfsO/JpG+r7fRrqm12kzFHyUHqHCVpMMbI=",
        "owner": "numtide",
        "repo": "flake-utils",
        "rev": "11707dc2f618dd54ca8739b309ec4fc024de578b",
        "type": "github"
      },
      "original": {
        "owner": "numtide",
        "repo": "flake-utils",
        "type": "github"
      }
    },
    "wallpapers": {
      "flake": false,
      "locked": {
        "lastModified": 1735451094,
        "narHash": "sha256-+CpaONi7PeGVaDRQ6aOEBTcALjPVh9DrC9x35KnUWYM=",
        "owner": "flatrat24",
        "repo": "wallpapers",
        "rev": "573b0e5608521016be02c92af099dceb929f403a",
        "type": "github"
      },
      "original": {
        "owner": "flatrat24",
        "repo": "wallpapers",
        "type": "github"
      }
    },
    "xdph": {
      "inputs": {
        "hyprland-protocols": [
          "hyprland",
          "hyprland-protocols"
        ],
        "hyprlang": [
          "hyprland",
          "hyprlang"
        ],
        "hyprutils": [
          "hyprland",
          "hyprutils"
        ],
        "hyprwayland-scanner": [
          "hyprland",
          "hyprwayland-scanner"
        ],
        "nixpkgs": [
          "hyprland",
          "nixpkgs"
        ],
        "systems": [
          "hyprland",
          "systems"
        ]
      },
      "locked": {
        "lastModified": 1741934139,
        "narHash": "sha256-ZhTcTH9FoeAtbPfWGrhkH7RjLJZ7GeF18nygLAMR+WE=",
        "owner": "hyprwm",
        "repo": "xdg-desktop-portal-hyprland",
        "rev": "150b0b6f52bb422a1b232a53698606fe0320dde0",
        "type": "github"
      },
      "original": {
        "owner": "hyprwm",
        "repo": "xdg-desktop-portal-hyprland",
        "type": "github"
      }
    },
    "zen-browser": {
      "inputs": {
        "nixpkgs": "nixpkgs_5"
      },
      "locked": {
        "lastModified": 1727721329,
        "narHash": "sha256-QYlWZwUSwrM7BuO+dXclZIwoPvBIuJr6GpFKv9XKFPI=",
        "owner": "MarceColl",
        "repo": "zen-browser-flake",
        "rev": "e6ab73f405e9a2896cce5956c549a9cc359e5fcc",
        "type": "github"
      },
      "original": {
        "owner": "MarceColl",
        "repo": "zen-browser-flake",
        "type": "github"
      }
    }
  },
  "root": "root",
  "version": 7
}
